{
  "name": "redux-honey",
  "version": "1.1.2",
  "lockfileVersion": 1,
  "requires": true,
  "dependencies": {
    "@babel/helper-plugin-utils": {
      "version": "7.0.0",
      "resolved": "https://registry.npmjs.org/@babel/helper-plugin-utils/-/helper-plugin-utils-7.0.0.tgz",
      "integrity": "sha512-CYAOUCARwExnEixLdB6sDm2dIJ/YgEAKDM1MOeMeZu9Ld/bDgVo8aiWrXwcY7OBh+1Ea2uUcVRcxKk0GJvW7QA==",
      "dev": true
    },
    "@babel/plugin-proposal-object-rest-spread": {
      "version": "7.7.7",
      "resolved": "https://registry.npmjs.org/@babel/plugin-proposal-object-rest-spread/-/plugin-proposal-object-rest-spread-7.7.7.tgz",
      "integrity": "sha512-3qp9I8lelgzNedI3hrhkvhaEYree6+WHnyA/q4Dza9z7iEIs1eyhWyJnetk3jJ69RT0AT4G0UhEGwyGFJ7GUuQ==",
      "dev": true,
      "requires": {
        "@babel/helper-plugin-utils": "^7.0.0",
        "@babel/plugin-syntax-object-rest-spread": "^7.7.4"
      }
    },
    "@babel/plugin-syntax-object-rest-spread": {
      "version": "7.7.4",
      "resolved": "https://registry.npmjs.org/@babel/plugin-syntax-object-rest-spread/-/plugin-syntax-object-rest-spread-7.7.4.tgz",
      "integrity": "sha512-mObR+r+KZq0XhRVS2BrBKBpr5jqrqzlPvS9C9vuOf5ilSwzloAl7RPWLrgKdWS6IreaVrjHxTjtyqFiOisaCwg==",
      "dev": true,
      "requires": {
        "@babel/helper-plugin-utils": "^7.0.0"
      }
    },
    "@babel/plugin-transform-arrow-functions": {
      "version": "7.7.4",
      "resolved": "https://registry.npmjs.org/@babel/plugin-transform-arrow-functions/-/plugin-transform-arrow-functions-7.7.4.tgz",
      "integrity": "sha512-zUXy3e8jBNPiffmqkHRNDdZM2r8DWhCB7HhcoyZjiK1TxYEluLHAvQuYnTT+ARqRpabWqy/NHkO6e3MsYB5YfA==",
      "dev": true,
      "requires": {
        "@babel/helper-plugin-utils": "^7.0.0"
      }
    },
    "@babel/polyfill": {
      "version": "7.7.0",
      "resolved": "https://registry.npmjs.org/@babel/polyfill/-/polyfill-7.7.0.tgz",
      "integrity": "sha512-/TS23MVvo34dFmf8mwCisCbWGrfhbiWZSwBo6HkADTBhUa2Q/jWltyY/tpofz/b6/RIhqaqQcquptCirqIhOaQ==",
      "requires": {
        "core-js": "^2.6.5",
        "regenerator-runtime": "^0.13.2"
      }
    },
    "core-js": {
      "version": "2.6.11",
      "resolved": "https://registry.npmjs.org/core-js/-/core-js-2.6.11.tgz",
      "integrity": "sha512-5wjnpaT/3dV+XB4borEsnAYQchn00XSgTAWKDkEqv+K8KevjbzmofK6hfJ9TZIlpj2N0xQpazy7PiRQiWHqzWg=="
    },
    "js-tokens": {
      "version": "4.0.0",
      "resolved": "https://registry.npmjs.org/js-tokens/-/js-tokens-4.0.0.tgz",
      "integrity": "sha512-RdJUflcE3cUzKiMqQgsCu06FPu9UdIJO0beYbPhHN4k6apgJtifcoCtT9bcxOpYBtpD2kCM6Sbzg4CausW/PKQ=="
    },
    "loose-envify": {
      "version": "1.4.0",
      "resolved": "https://registry.npmjs.org/loose-envify/-/loose-envify-1.4.0.tgz",
      "integrity": "sha512-lyuxPGr/Wfhrlem2CL/UcnUc1zcqKAImBDzukY7Y5F/yQiNdko6+fRLevlw1HgMySw7f611UIY408EtxRSoK3Q==",
      "requires": {
        "js-tokens": "^3.0.0 || ^4.0.0"
      }
    },
    "redux": {
      "version": "4.0.5",
      "resolved": "https://registry.npmjs.org/redux/-/redux-4.0.5.tgz",
      "integrity": "sha512-VSz1uMAH24DM6MF72vcojpYPtrTUu3ByVWfPL1nPfVRb5mZVTve5GnNCUV53QM/BZ66xfWrm0CTWoM+Xlz8V1w==",
      "requires": {
        "loose-envify": "^1.4.0",
        "symbol-observable": "^1.2.0"
      }
    },
    "regenerator-runtime": {
      "version": "0.13.3",
      "resolved": "https://registry.npmjs.org/regenerator-runtime/-/regenerator-runtime-0.13.3.tgz",
      "integrity": "sha512-naKIZz2GQ8JWh///G7L3X6LaQUAMp2lvb1rvwwsURe/VXwD6VMfr+/1NuNw3ag8v2kY1aQ/go5SNn79O9JU7yw=="
    },
    "symbol-observable": {
      "version": "1.2.0",
      "resolved": "https://registry.npmjs.org/symbol-observable/-/symbol-observable-1.2.0.tgz",
      "integrity": "sha512-e900nM8RRtGhlV36KGEU9k65K3mPb1WV70OdjfxlG2EAuM1noi/E/BaW/uMhL7bPEssK8QV57vN3esixjUvcXQ=="
    }
  }
}
